// !$*UTF8*$!
{
	archiveVersion = 1;
	classes = {
	};
	objectVersion = 46;
	objects = {

/* Begin PBXBuildFile section */
		D966DD751A1C078200ADCB23 /* AppDelegate.swift in Sources */ = {isa = PBXBuildFile; fileRef = D966DD741A1C078200ADCB23 /* AppDelegate.swift */; };
		D966DD7E1A1C078200ADCB23 /* Main.storyboard in Resources */ = {isa = PBXBuildFile; fileRef = D966DD7C1A1C078200ADCB23 /* Main.storyboard */; };
		D966DD801A1C078200ADCB23 /* Images.xcassets in Resources */ = {isa = PBXBuildFile; fileRef = D966DD7F1A1C078200ADCB23 /* Images.xcassets */; };
		D966DD831A1C078200ADCB23 /* LaunchScreen.xib in Resources */ = {isa = PBXBuildFile; fileRef = D966DD811A1C078200ADCB23 /* LaunchScreen.xib */; };
		D966DD8F1A1C078300ADCB23 /* ZombieCongaTests.swift in Sources */ = {isa = PBXBuildFile; fileRef = D966DD8E1A1C078300ADCB23 /* ZombieCongaTests.swift */; };
		D966DD9E1A1C0D8000ADCB23 /* GameViewController.swift in Sources */ = {isa = PBXBuildFile; fileRef = D966DD9D1A1C0D8000ADCB23 /* GameViewController.swift */; };
		D966DDA01A1C0D8D00ADCB23 /* GameScene.swift in Sources */ = {isa = PBXBuildFile; fileRef = D966DD9F1A1C0D8D00ADCB23 /* GameScene.swift */; };
		D966DDA81A1C0E2300ADCB23 /* background1.png in Resources */ = {isa = PBXBuildFile; fileRef = D966DDA21A1C0E2300ADCB23 /* background1.png */; };
		D966DDA91A1C0E2300ADCB23 /* background2.png in Resources */ = {isa = PBXBuildFile; fileRef = D966DDA31A1C0E2300ADCB23 /* background2.png */; };
		D966DDAA1A1C0E2300ADCB23 /* MainMenu.png in Resources */ = {isa = PBXBuildFile; fileRef = D966DDA41A1C0E2300ADCB23 /* MainMenu.png */; };
		D966DDAB1A1C0E2300ADCB23 /* YouLose.png in Resources */ = {isa = PBXBuildFile; fileRef = D966DDA51A1C0E2300ADCB23 /* YouLose.png */; };
		D966DDAC1A1C0E2300ADCB23 /* YouWin.png in Resources */ = {isa = PBXBuildFile; fileRef = D966DDA61A1C0E2300ADCB23 /* YouWin.png */; };
		D966DDAD1A1C0E2300ADCB23 /* sprites.atlas in Resources */ = {isa = PBXBuildFile; fileRef = D966DDA71A1C0E2300ADCB23 /* sprites.atlas */; };
		D987E7FD1A26223C00E41571 /* MyUtils.swift in Sources */ = {isa = PBXBuildFile; fileRef = D987E7FC1A26223C00E41571 /* MyUtils.swift */; };
/* End PBXBuildFile section */

/* Begin PBXContainerItemProxy section */
		D966DD891A1C078300ADCB23 /* PBXContainerItemProxy */ = {
			isa = PBXContainerItemProxy;
			containerPortal = D966DD671A1C078200ADCB23 /* Project object */;
			proxyType = 1;
			remoteGlobalIDString = D966DD6E1A1C078200ADCB23;
			remoteInfo = ZombieConga;
		};
/* End PBXContainerItemProxy section */

/* Begin PBXFileReference section */
		D966DD6F1A1C078200ADCB23 /* ZombieConga.app */ = {isa = PBXFileReference; explicitFileType = wrapper.application; includeInIndex = 0; path = ZombieConga.app; sourceTree = BUILT_PRODUCTS_DIR; };
		D966DD731A1C078200ADCB23 /* Info.plist */ = {isa = PBXFileReference; lastKnownFileType = text.plist.xml; path = Info.plist; sourceTree = "<group>"; };
		D966DD741A1C078200ADCB23 /* AppDelegate.swift */ = {isa = PBXFileReference; lastKnownFileType = sourcecode.swift; path = AppDelegate.swift; sourceTree = "<group>"; };
		D966DD7D1A1C078200ADCB23 /* Base */ = {isa = PBXFileReference; lastKnownFileType = file.storyboard; name = Base; path = Base.lproj/Main.storyboard; sourceTree = "<group>"; };
		D966DD7F1A1C078200ADCB23 /* Images.xcassets */ = {isa = PBXFileReference; lastKnownFileType = folder.assetcatalog; path = Images.xcassets; sourceTree = "<group>"; };
		D966DD821A1C078200ADCB23 /* Base */ = {isa = PBXFileReference; lastKnownFileType = file.xib; name = Base; path = Base.lproj/LaunchScreen.xib; sourceTree = "<group>"; };
		D966DD881A1C078300ADCB23 /* ZombieCongaTests.xctest */ = {isa = PBXFileReference; explicitFileType = wrapper.cfbundle; includeInIndex = 0; path = ZombieCongaTests.xctest; sourceTree = BUILT_PRODUCTS_DIR; };
		D966DD8D1A1C078300ADCB23 /* Info.plist */ = {isa = PBXFileReference; lastKnownFileType = text.plist.xml; path = Info.plist; sourceTree = "<group>"; };
		D966DD8E1A1C078300ADCB23 /* ZombieCongaTests.swift */ = {isa = PBXFileReference; lastKnownFileType = sourcecode.swift; path = ZombieCongaTests.swift; sourceTree = "<group>"; };
		D966DD9D1A1C0D8000ADCB23 /* GameViewController.swift */ = {isa = PBXFileReference; fileEncoding = 4; lastKnownFileType = sourcecode.swift; name = GameViewController.swift; path = Controller/GameViewController.swift; sourceTree = "<group>"; };
		D966DD9F1A1C0D8D00ADCB23 /* GameScene.swift */ = {isa = PBXFileReference; fileEncoding = 4; lastKnownFileType = sourcecode.swift; name = GameScene.swift; path = Model/GameScene.swift; sourceTree = "<group>"; };
		D966DDA21A1C0E2300ADCB23 /* background1.png */ = {isa = PBXFileReference; lastKnownFileType = image.png; path = background1.png; sourceTree = "<group>"; };
		D966DDA31A1C0E2300ADCB23 /* background2.png */ = {isa = PBXFileReference; lastKnownFileType = image.png; path = background2.png; sourceTree = "<group>"; };
		D966DDA41A1C0E2300ADCB23 /* MainMenu.png */ = {isa = PBXFileReference; lastKnownFileType = image.png; path = MainMenu.png; sourceTree = "<group>"; };
		D966DDA51A1C0E2300ADCB23 /* YouLose.png */ = {isa = PBXFileReference; lastKnownFileType = image.png; path = YouLose.png; sourceTree = "<group>"; };
		D966DDA61A1C0E2300ADCB23 /* YouWin.png */ = {isa = PBXFileReference; lastKnownFileType = image.png; path = YouWin.png; sourceTree = "<group>"; };
		D966DDA71A1C0E2300ADCB23 /* sprites.atlas */ = {isa = PBXFileReference; lastKnownFileType = folder.skatlas; name = sprites.atlas; path = Resources/sprites.atlas; sourceTree = "<group>"; };
		D987E7FC1A26223C00E41571 /* MyUtils.swift */ = {isa = PBXFileReference; fileEncoding = 4; lastKnownFileType = sourcecode.swift; name = MyUtils.swift; path = Model/MyUtils.swift; sourceTree = "<group>"; };
/* End PBXFileReference section */

/* Begin PBXFrameworksBuildPhase section */
		D966DD6C1A1C078200ADCB23 /* Frameworks */ = {
			isa = PBXFrameworksBuildPhase;
			buildActionMask = 2147483647;
			files = (
			);
			runOnlyForDeploymentPostprocessing = 0;
		};
		D966DD851A1C078300ADCB23 /* Frameworks */ = {
			isa = PBXFrameworksBuildPhase;
			buildActionMask = 2147483647;
			files = (
			);
			runOnlyForDeploymentPostprocessing = 0;
		};
/* End PBXFrameworksBuildPhase section */

/* Begin PBXGroup section */
		D966DD661A1C078200ADCB23 = {
			isa = PBXGroup;
			children = (
				D966DD711A1C078200ADCB23 /* ZombieConga */,
				D966DD8B1A1C078300ADCB23 /* ZombieCongaTests */,
				D966DD701A1C078200ADCB23 /* Products */,
			);
			sourceTree = "<group>";
		};
		D966DD701A1C078200ADCB23 /* Products */ = {
			isa = PBXGroup;
			children = (
				D966DD6F1A1C078200ADCB23 /* ZombieConga.app */,
				D966DD881A1C078300ADCB23 /* ZombieCongaTests.xctest */,
			);
			name = Products;
			sourceTree = "<group>";
		};
		D966DD711A1C078200ADCB23 /* ZombieConga */ = {
			isa = PBXGroup;
			children = (
				D966DD741A1C078200ADCB23 /* AppDelegate.swift */,
				D966DD981A1C0AC800ADCB23 /* MVC */,
				D966DD9B1A1C0AEE00ADCB23 /* Resources */,
				D966DD721A1C078200ADCB23 /* Supporting Files */,
			);
			path = ZombieConga;
			sourceTree = "<group>";
		};
		D966DD721A1C078200ADCB23 /* Supporting Files */ = {
			isa = PBXGroup;
			children = (
				D966DD731A1C078200ADCB23 /* Info.plist */,
			);
			name = "Supporting Files";
			sourceTree = "<group>";
		};
		D966DD8B1A1C078300ADCB23 /* ZombieCongaTests */ = {
			isa = PBXGroup;
			children = (
				D966DD8E1A1C078300ADCB23 /* ZombieCongaTests.swift */,
				D966DD8C1A1C078300ADCB23 /* Supporting Files */,
			);
			path = ZombieCongaTests;
			sourceTree = "<group>";
		};
		D966DD8C1A1C078300ADCB23 /* Supporting Files */ = {
			isa = PBXGroup;
			children = (
				D966DD8D1A1C078300ADCB23 /* Info.plist */,
			);
			name = "Supporting Files";
			sourceTree = "<group>";
		};
		D966DD981A1C0AC800ADCB23 /* MVC */ = {
			isa = PBXGroup;
			children = (
				D966DD9A1A1C0AD900ADCB23 /* Object */,
				D966DD991A1C0AD200ADCB23 /* Controller */,
			);
			name = MVC;
			sourceTree = "<group>";
		};
		D966DD991A1C0AD200ADCB23 /* Controller */ = {
			isa = PBXGroup;
			children = (
				D966DD9D1A1C0D8000ADCB23 /* GameViewController.swift */,
			);
			name = Controller;
			sourceTree = "<group>";
		};
		D966DD9A1A1C0AD900ADCB23 /* Object */ = {
			isa = PBXGroup;
			children = (
				D966DD9F1A1C0D8D00ADCB23 /* GameScene.swift */,
				D987E7FC1A26223C00E41571 /* MyUtils.swift */,
			);
			name = Object;
			sourceTree = "<group>";
		};
		D966DD9B1A1C0AEE00ADCB23 /* Resources */ = {
			isa = PBXGroup;
			children = (
				D966DD7C1A1C078200ADCB23 /* Main.storyboard */,
				D966DD811A1C078200ADCB23 /* LaunchScreen.xib */,
				D966DD7F1A1C078200ADCB23 /* Images.xcassets */,
				D966DDA11A1C0E2300ADCB23 /* Images */,
				D966DDA71A1C0E2300ADCB23 /* sprites.atlas */,
			);
			name = Resources;
			sourceTree = "<group>";
		};
		D966DDA11A1C0E2300ADCB23 /* Images */ = {
			isa = PBXGroup;
			children = (
				D966DDA21A1C0E2300ADCB23 /* background1.png */,
				D966DDA31A1C0E2300ADCB23 /* background2.png */,
				D966DDA41A1C0E2300ADCB23 /* MainMenu.png */,
				D966DDA51A1C0E2300ADCB23 /* YouLose.png */,
				D966DDA61A1C0E2300ADCB23 /* YouWin.png */,
			);
			name = Images;
			path = Resources/Images;
			sourceTree = "<group>";
		};
/* End PBXGroup section */

/* Begin PBXNativeTarget section */
		D966DD6E1A1C078200ADCB23 /* ZombieConga */ = {
			isa = PBXNativeTarget;
			buildConfigurationList = D966DD921A1C078300ADCB23 /* Build configuration list for PBXNativeTarget "ZombieConga" */;
			buildPhases = (
				D966DD6B1A1C078200ADCB23 /* Sources */,
				D966DD6C1A1C078200ADCB23 /* Frameworks */,
				D966DD6D1A1C078200ADCB23 /* Resources */,
			);
			buildRules = (
			);
			dependencies = (
			);
			name = ZombieConga;
			productName = ZombieConga;
			productReference = D966DD6F1A1C078200ADCB23 /* ZombieConga.app */;
			productType = "com.apple.product-type.application";
		};
		D966DD871A1C078300ADCB23 /* ZombieCongaTests */ = {
			isa = PBXNativeTarget;
			buildConfigurationList = D966DD951A1C078300ADCB23 /* Build configuration list for PBXNativeTarget "ZombieCongaTests" */;
			buildPhases = (
				D966DD841A1C078300ADCB23 /* Sources */,
				D966DD851A1C078300ADCB23 /* Frameworks */,
				D966DD861A1C078300ADCB23 /* Resources */,
			);
			buildRules = (
			);
			dependencies = (
				D966DD8A1A1C078300ADCB23 /* PBXTargetDependency */,
			);
			name = ZombieCongaTests;
			productName = ZombieCongaTests;
			productReference = D966DD881A1C078300ADCB23 /* ZombieCongaTests.xctest */;
			productType = "com.apple.product-type.bundle.unit-test";
		};
/* End PBXNativeTarget section */

/* Begin PBXProject section */
		D966DD671A1C078200ADCB23 /* Project object */ = {
			isa = PBXProject;
			attributes = {
				LastUpgradeCheck = 0610;
				ORGANIZATIONNAME = "@pp";
				TargetAttributes = {
					D966DD6E1A1C078200ADCB23 = {
						CreatedOnToolsVersion = 6.1;
						DevelopmentTeam = 7HR546X8N8;
					};
					D966DD871A1C078300ADCB23 = {
						CreatedOnToolsVersion = 6.1;
						TestTargetID = D966DD6E1A1C078200ADCB23;
					};
				};
			};
			buildConfigurationList = D966DD6A1A1C078200ADCB23 /* Build configuration list for PBXProject "ZombieConga" */;
			compatibilityVersion = "Xcode 3.2";
			developmentRegion = English;
			hasScannedForEncodings = 0;
			knownRegions = (
				en,
				Base,
			);
			mainGroup = D966DD661A1C078200ADCB23;
			productRefGroup = D966DD701A1C078200ADCB23 /* Products */;
			projectDirPath = "";
			projectRoot = "";
			targets = (
				D966DD6E1A1C078200ADCB23 /* ZombieConga */,
				D966DD871A1C078300ADCB23 /* ZombieCongaTests */,
			);
		};
/* End PBXProject section */

/* Begin PBXResourcesBuildPhase section */
		D966DD6D1A1C078200ADCB23 /* Resources */ = {
			isa = PBXResourcesBuildPhase;
			buildActionMask = 2147483647;
			files = (
				D966DDAC1A1C0E2300ADCB23 /* YouWin.png in Resources */,
				D966DDAD1A1C0E2300ADCB23 /* sprites.atlas in Resources */,
				D966DD831A1C078200ADCB23 /* LaunchScreen.xib in Resources */,
				D966DDAA1A1C0E2300ADCB23 /* MainMenu.png in Resources */,
				D966DDAB1A1C0E2300ADCB23 /* YouLose.png in Resources */,
				D966DD801A1C078200ADCB23 /* Images.xcassets in Resources */,
				D966DDA91A1C0E2300ADCB23 /* background2.png in Resources */,
				D966DD7E1A1C078200ADCB23 /* Main.storyboard in Resources */,
				D966DDA81A1C0E2300ADCB23 /* background1.png in Resources */,
			);
			runOnlyForDeploymentPostprocessing = 0;
		};
		D966DD861A1C078300ADCB23 /* Resources */ = {
			isa = PBXResourcesBuildPhase;
			buildActionMask = 2147483647;
			files = (
			);
			runOnlyForDeploymentPostprocessing = 0;
		};
/* End PBXResourcesBuildPhase section */

/* Begin PBXSourcesBuildPhase section */
		D966DD6B1A1C078200ADCB23 /* Sources */ = {
			isa = PBXSourcesBuildPhase;
			buildActionMask = 2147483647;
			files = (
				D966DDA01A1C0D8D00ADCB23 /* GameScene.swift in Sources */,
				D966DD9E1A1C0D8000ADCB23 /* GameViewController.swift in Sources */,
				D966DD751A1C078200ADCB23 /* AppDelegate.swift in Sources */,
				D987E7FD1A26223C00E41571 /* MyUtils.swift in Sources */,
			);
			runOnlyForDeploymentPostprocessing = 0;
		};
		D966DD841A1C078300ADCB23 /* Sources */ = {
			isa = PBXSourcesBuildPhase;
			buildActionMask = 2147483647;
			files = (
				D966DD8F1A1C078300ADCB23 /* ZombieCongaTests.swift in Sources */,
			);
			runOnlyForDeploymentPostprocessing = 0;
		};
/* End PBXSourcesBuildPhase section */

/* Begin PBXTargetDependency section */
		D966DD8A1A1C078300ADCB23 /* PBXTargetDependency */ = {
			isa = PBXTargetDependency;
			target = D966DD6E1A1C078200ADCB23 /* ZombieConga */;
			targetProxy = D966DD891A1C078300ADCB23 /* PBXContainerItemProxy */;
		};
/* End PBXTargetDependency section */

/* Begin PBXVariantGroup section */
		D966DD7C1A1C078200ADCB23 /* Main.storyboard */ = {
			isa = PBXVariantGroup;
			children = (
				D966DD7D1A1C078200ADCB23 /* Base */,
			);
			name = Main.storyboard;
			sourceTree = "<group>";
		};
		D966DD811A1C078200ADCB23 /* LaunchScreen.xib */ = {
			isa = PBXVariantGroup;
			children = (
				D966DD821A1C078200ADCB23 /* Base */,
			);
			name = LaunchScreen.xib;
			sourceTree = "<group>";
		};
/* End PBXVariantGroup section */

/* Begin XCBuildConfiguration section */
		D966DD901A1C078300ADCB23 /* Debug */ = {
			isa = XCBuildConfiguration;
			buildSettings = {
				ALWAYS_SEARCH_USER_PATHS = NO;
				CLANG_CXX_LANGUAGE_STANDARD = "gnu++0x";
				CLANG_CXX_LIBRARY = "libc++";
				CLANG_ENABLE_MODULES = YES;
				CLANG_ENABLE_OBJC_ARC = YES;
				CLANG_WARN_BOOL_CONVERSION = YES;
				CLANG_WARN_CONSTANT_CONVERSION = YES;
				CLANG_WARN_DIRECT_OBJC_ISA_USAGE = YES_ERROR;
				CLANG_WARN_EMPTY_BODY = YES;
				CLANG_WARN_ENUM_CONVERSION = YES;
				CLANG_WARN_INT_CONVERSION = YES;
				CLANG_WARN_OBJC_ROOT_CLASS = YES_ERROR;
				CLANG_WARN_UNREACHABLE_CODE = YES;
				CLANG_WARN__DUPLICATE_METHOD_MATCH = YES;
				"CODE_SIGN_IDENTITY[sdk=iphoneos*]" = "iPhone Developer: Ezistas Batururimi (QYKAHL3CBY)";
				COPY_PHASE_STRIP = NO;
				ENABLE_STRICT_OBJC_MSGSEND = YES;
				GCC_C_LANGUAGE_STANDARD = gnu99;
				GCC_DYNAMIC_NO_PIC = NO;
				GCC_OPTIMIZATION_LEVEL = 0;
				GCC_PREPROCESSOR_DEFINITIONS = (
					"DEBUG=1",
					"$(inherited)",
				);
				GCC_SYMBOLS_PRIVATE_EXTERN = NO;
				GCC_WARN_64_TO_32_BIT_CONVERSION = YES;
				GCC_WARN_ABOUT_RETURN_TYPE = YES_ERROR;
				GCC_WARN_UNDECLARED_SELECTOR = YES;
				GCC_WARN_UNINITIALIZED_AUTOS = YES_AGGRESSIVE;
				GCC_WARN_UNUSED_FUNCTION = YES;
				GCC_WARN_UNUSED_VARIABLE = YES;
				IPHONEOS_DEPLOYMENT_TARGET = 8.1;
				MTL_ENABLE_DEBUG_INFO = YES;
				ONLY_ACTIVE_ARCH = YES;
				SDKROOT = iphoneos;
				SWIFT_OPTIMIZATION_LEVEL = "-Onone";
				TARGETED_DEVICE_FAMILY = "1,2";
			};
			name = Debug;
		};
		D966DD911A1C078300ADCB23 /* Release */ = {
			isa = XCBuildConfiguration;
			buildSettings = {
				ALWAYS_SEARCH_USER_PATHS = NO;
				CLANG_CXX_LANGUAGE_STANDARD = "gnu++0x";
				CLANG_CXX_LIBRARY = "libc++";
				CLANG_ENABLE_MODULES = YES;
				CLANG_ENABLE_OBJC_ARC = YES;
				CLANG_WARN_BOOL_CONVERSION = YES;
				CLANG_WARN_CONSTANT_CONVERSION = YES;
				CLANG_WARN_DIRECT_OBJC_ISA_USAGE = YES_ERROR;
				CLANG_WARN_EMPTY_BODY = YES;
				CLANG_WARN_ENUM_CONVERSION = YES;
				CLANG_WARN_INT_CONVERSION = YES;
				CLANG_WARN_OBJC_ROOT_CLASS = YES_ERROR;
				CLANG_WARN_UNREACHABLE_CODE = YES;
				CLANG_WARN__DUPLICATE_METHOD_MATCH = YES;
				CODE_SIGN_IDENTITY = "iPhone Distribution: Software Product OOO";
				"CODE_SIGN_IDENTITY[sdk=iphoneos*]" = "iPhone Distribution: Software Product OOO";
				COPY_PHASE_STRIP = YES;
				ENABLE_NS_ASSERTIONS = NO;
				ENABLE_STRICT_OBJC_MSGSEND = YES;
				GCC_C_LANGUAGE_STANDARD = gnu99;
				GCC_WARN_64_TO_32_BIT_CONVERSION = YES;
				GCC_WARN_ABOUT_RETURN_TYPE = YES_ERROR;
				GCC_WARN_UNDECLARED_SELECTOR = YES;
				GCC_WARN_UNINITIALIZED_AUTOS = YES_AGGRESSIVE;
				GCC_WARN_UNUSED_FUNCTION = YES;
				GCC_WARN_UNUSED_VARIABLE = YES;
				IPHONEOS_DEPLOYMENT_TARGET = 8.1;
				MTL_ENABLE_DEBUG_INFO = NO;
				SDKROOT = iphoneos;
				TARGETED_DEVICE_FAMILY = "1,2";
				VALIDATE_PRODUCT = YES;
			};
			name = Release;
		};
		D966DD931A1C078300ADCB23 /* Debug */ = {
			isa = XCBuildConfiguration;
			buildSettings = {
				ASSETCATALOG_COMPILER_APPICON_NAME = AppIcon;
				CODE_SIGN_IDENTITY = "iPhone Developer";
				"CODE_SIGN_IDENTITY[sdk=iphoneos*]" = "iPhone Developer";
				INFOPLIST_FILE = ZombieConga/Info.plist;
				LD_RUNPATH_SEARCH_PATHS = "$(inherited) @executable_path/Frameworks";
				PRODUCT_NAME = "$(TARGET_NAME)";
				PROVISIONING_PROFILE = "";
			};
			name = Debug;
		};
		D966DD941A1C078300ADCB23 /* Release */ = {
			isa = XCBuildConfiguration;
			buildSettings = {
				ASSETCATALOG_COMPILER_APPICON_NAME = AppIcon;
				CODE_SIGN_IDENTITY = "iPhone Distribution: Software Product OOO";
				"CODE_SIGN_IDENTITY[sdk=iphoneos*]" = "iPhone Distribution: Software Product OOO";
				INFOPLIST_FILE = ZombieConga/Info.plist;
				LD_RUNPATH_SEARCH_PATHS = "$(inherited) @executable_path/Frameworks";
				PRODUCT_NAME = "$(TARGET_NAME)";
				PROVISIONING_PROFILE = "5c3c0fe8-b458-4a42-9985-885e742782ef";
			};
			name = Release;
		};
		D966DD961A1C078300ADCB23 /* Debug */ = {
			isa = XCBuildConfiguration;
			buildSettings = {
				BUNDLE_LOADER = "$(TEST_HOST)";
				FRAMEWORK_SEARCH_PATHS = (
					"$(SDKROOT)/Developer/Library/Frameworks",
					"$(inherited)",
				);
				GCC_PREPROCESSOR_DEFINITIONS = (
					"DEBUG=1",
					"$(inherited)",
				);
				INFOPLIST_FILE = ZombieCongaTests/Info.plist;
				LD_RUNPATH_SEARCH_PATHS = "$(inherited) @executable_path/Frameworks @loader_path/Frameworks";
				PRODUCT_NAME = "$(TARGET_NAME)";
				TEST_HOST = "$(BUILT_PRODUCTS_DIR)/ZombieConga.app/ZombieConga";
			};
			name = Debug;
		};
		D966DD971A1C078300ADCB23 /* Release */ = {
			isa = XCBuildConfiguration;
			buildSettings = {
				BUNDLE_LOADER = "$(TEST_HOST)";
				FRAMEWORK_SEARCH_PATHS = (
					"$(SDKROOT)/Developer/Library/Frameworks",
					"$(inherited)",
				);
				INFOPLIST_FILE = ZombieCongaTests/Info.plist;
				LD_RUNPATH_SEARCH_PATHS = "$(inherited) @executable_path/Frameworks @loader_path/Frameworks";
				PRODUCT_NAME = "$(TARGET_NAME)";
				TEST_HOST = "$(BUILT_PRODUCTS_DIR)/ZombieConga.app/ZombieConga";
			};
			name = Release;
		};
/* End XCBuildConfiguration section */

/* Begin XCConfigurationList section */
		D966DD6A1A1C078200ADCB23 /* Build configuration list for PBXProject "ZombieConga" */ = {
			isa = XCConfigurationList;
			buildConfigurations = (
				D966DD901A1C078300ADCB23 /* Debug */,
				D966DD911A1C078300ADCB23 /* Release */,
			);
			defaultConfigurationIsVisible = 0;
			defaultConfigurationName = Release;
		};
		D966DD921A1C078300ADCB23 /* Build configuration list for PBXNativeTarget "ZombieConga" */ = {
			isa = XCConfigurationList;
			buildConfigurations = (
				D966DD931A1C078300ADCB23 /* Debug */,
				D966DD941A1C078300ADCB23 /* Release */,
			);
			defaultConfigurationIsVisible = 0;
			defaultConfigurationName = Release;
		};
		D966DD951A1C078300ADCB23 /* Build configuration list for PBXNativeTarget "ZombieCongaTests" */ = {
			isa = XCConfigurationList;
			buildConfigurations = (
				D966DD961A1C078300ADCB23 /* Debug */,
				D966DD971A1C078300ADCB23 /* Release */,
			);
			defaultConfigurationIsVisible = 0;
			defaultConfigurationName = Release;
		};
/* End XCConfigurationList section */
	};
	rootObject = D966DD671A1C078200ADCB23 /* Project object */;
}
